
Microsoft Visual Studio Solution File, Format Version 12.00
# Visual Studio 15
VisualStudioVersion = 15.0.26730.10
MinimumVisualStudioVersion = 10.0.40219.1
Project("{9A19103F-16F7-4668-BE54-9A1E7A4F7556}") = "Messenger.Functions", "Messenger.Functions\Messenger.Functions.csproj", "{9F5FDF11-E99D-4A11-8CA7-B940D7AADAA6}"
EndProject
Project("{9A19103F-16F7-4668-BE54-9A1E7A4F7556}") = "Messenger.Models", "..\Messenger.Models\Messenger.Models.csproj", "{0C46F956-1156-46C5-8C57-209301899AAF}"
EndProject
Project("{FAE04EC0-301F-11D3-BF4B-00C04F79EFBC}") = "Messenger.Services", "Messenger.Services\Messenger.Services.csproj", "{F370FF6D-7CF6-4376-B7B0-909E6AA70EB7}"
EndProject
Global
	GlobalSection(SolutionConfigurationPlatforms) = preSolution
		Debug|Any CPU = Debug|Any CPU
		Release|Any CPU = Release|Any CPU
	EndGlobalSection
	GlobalSection(ProjectConfigurationPlatforms) = postSolution
		{9F5FDF11-E99D-4A11-8CA7-B940D7AADAA6}.Debug|Any CPU.ActiveCfg = Debug|Any CPU
		{9F5FDF11-E99D-4A11-8CA7-B940D7AADAA6}.Debug|Any CPU.Build.0 = Debug|Any CPU
		{9F5FDF11-E99D-4A11-8CA7-B940D7AADAA6}.Release|Any CPU.ActiveCfg = Release|Any CPU
		{9F5FDF11-E99D-4A11-8CA7-B940D7AADAA6}.Release|Any CPU.Build.0 = Release|Any CPU
		{0C46F956-1156-46C5-8C57-209301899AAF}.Debug|Any CPU.ActiveCfg = Debug|Any CPU
		{0C46F956-1156-46C5-8C57-209301899AAF}.Debug|Any CPU.Build.0 = Debug|Any CPU
		{0C46F956-1156-46C5-8C57-209301899AAF}.Release|Any CPU.ActiveCfg = Release|Any CPU
		{0C46F956-1156-46C5-8C57-209301899AAF}.Release|Any CPU.Build.0 = Release|Any CPU
		{F370FF6D-7CF6-4376-B7B0-909E6AA70EB7}.Debug|Any CPU.ActiveCfg = Debug|Any CPU
		{F370FF6D-7CF6-4376-B7B0-909E6AA70EB7}.Debug|Any CPU.Build.0 = Debug|Any CPU
		{F370FF6D-7CF6-4376-B7B0-909E6AA70EB7}.Release|Any CPU.ActiveCfg = Release|Any CPU
		{F370FF6D-7CF6-4376-B7B0-909E6AA70EB7}.Release|Any CPU.Build.0 = Release|Any CPU
	EndGlobalSection
	GlobalSection(SolutionProperties) = preSolution
		HideSolutionNode = FALSE
	EndGlobalSection
	GlobalSection(ExtensibilityGlobals) = postSolution
		SolutionGuid = {24B064E9-1BA9-4341-A177-419E145C0D01}
	EndGlobalSection
EndGlobal
